
Microsoft Visual Studio Solution File, Format Version 12.00
# Visual Studio Version 17
VisualStudioVersion = 17.9.34728.123
MinimumVisualStudioVersion = 10.0.40219.1
Project("{8BC9CEB8-8B4A-11D0-8D11-00A0C91BC942}") = "面试题1_赋值运算符函数", "面试题1_赋值运算符函数\面试题1_赋值运算符函数.vcxproj", "{26C7E211-C654-4BCC-8AD8-C1988A2B7690}"
EndProject
Global
	GlobalSection(SolutionConfigurationPlatforms) = preSolution
		Debug|x64 = Debug|x64
		Debug|x86 = Debug|x86
		Release|x64 = Release|x64
		Release|x86 = Release|x86
	EndGlobalSection
	GlobalSection(ProjectConfigurationPlatforms) = postSolution
		{26C7E211-C654-4BCC-8AD8-C1988A2B7690}.Debug|x64.ActiveCfg = Debug|x64
		{26C7E211-C654-4BCC-8AD8-C1988A2B7690}.Debug|x64.Build.0 = Debug|x64
		{26C7E211-C654-4BCC-8AD8-C1988A2B7690}.Debug|x86.ActiveCfg = Debug|Win32
		{26C7E211-C654-4BCC-8AD8-C1988A2B7690}.Debug|x86.Build.0 = Debug|Win32
		{26C7E211-C654-4BCC-8AD8-C1988A2B7690}.Release|x64.ActiveCfg = Release|x64
		{26C7E211-C654-4BCC-8AD8-C1988A2B7690}.Release|x64.Build.0 = Release|x64
		{26C7E211-C654-4BCC-8AD8-C1988A2B7690}.Release|x86.ActiveCfg = Release|Win32
		{26C7E211-C654-4BCC-8AD8-C1988A2B7690}.Release|x86.Build.0 = Release|Win32
	EndGlobalSection
	GlobalSection(SolutionProperties) = preSolution
		HideSolutionNode = FALSE
	EndGlobalSection
	GlobalSection(ExtensibilityGlobals) = postSolution
		SolutionGuid = {6A6BEA6E-E276-4483-AB02-061F35642A0A}
	EndGlobalSection
EndGlobal
